// !$*UTF8*$!
{
	archiveVersion = 1;
	classes = {
	};
	objectVersion = 77;
	objects = {

/* Begin PBXContainerItemProxy section */
		9E21CFA62CB7995B002B1428 /* PBXContainerItemProxy */ = {
			isa = PBXContainerItemProxy;
			containerPortal = 9E21CF8D2CB79958002B1428 /* Project object */;
			proxyType = 1;
			remoteGlobalIDString = 9E21CF942CB79958002B1428;
			remoteInfo = "Travel Planner 2";
		};
		9E21CFB02CB7995B002B1428 /* PBXContainerItemProxy */ = {
			isa = PBXContainerItemProxy;
			containerPortal = 9E21CF8D2CB79958002B1428 /* Project object */;
			proxyType = 1;
			remoteGlobalIDString = 9E21CF942CB79958002B1428;
			remoteInfo = "Travel Planner 2";
		};
/* End PBXContainerItemProxy section */

/* Begin PBXFileReference section */
		9E21CF952CB79958002B1428 /* Travel Planner 2.app */ = {isa = PBXFileReference; explicitFileType = wrapper.application; includeInIndex = 0; path = "Travel Planner 2.app"; sourceTree = BUILT_PRODUCTS_DIR; };
		9E21CFA52CB7995B002B1428 /* Travel Planner 2Tests.xctest */ = {isa = PBXFileReference; explicitFileType = wrapper.cfbundle; includeInIndex = 0; path = "Travel Planner 2Tests.xctest"; sourceTree = BUILT_PRODUCTS_DIR; };
		9E21CFAF2CB7995B002B1428 /* Travel Planner 2UITests.xctest */ = {isa = PBXFileReference; explicitFileType = wrapper.cfbundle; includeInIndex = 0; path = "Travel Planner 2UITests.xctest"; sourceTree = BUILT_PRODUCTS_DIR; };
/* End PBXFileReference section */

/* Begin PBXFileSystemSynchronizedRootGroup section */
		9E21CF972CB79958002B1428 /* Travel Planner 2 */ = {
			isa = PBXFileSystemSynchronizedRootGroup;
			path = "Travel Planner 2";
			sourceTree = "<group>";
		};
		9E21CFA82CB7995B002B1428 /* Travel Planner 2Tests */ = {
			isa = PBXFileSystemSynchronizedRootGroup;
			path = "Travel Planner 2Tests";
			sourceTree = "<group>";
		};
		9E21CFB22CB7995B002B1428 /* Travel Planner 2UITests */ = {
			isa = PBXFileSystemSynchronizedRootGroup;
			path = "Travel Planner 2UITests";
			sourceTree = "<group>";
		};
/* End PBXFileSystemSynchronizedRootGroup section */

/* Begin PBXFrameworksBuildPhase section */
		9E21CF922CB79958002B1428 /* Frameworks */ = {
			isa = PBXFrameworksBuildPhase;
			buildActionMask = 2147483647;
			files = (
			);
			runOnlyForDeploymentPostprocessing = 0;
		};
		9E21CFA22CB7995B002B1428 /* Frameworks */ = {
			isa = PBXFrameworksBuildPhase;
			buildActionMask = 2147483647;
			files = (
			);
			runOnlyForDeploymentPostprocessing = 0;
		};
		9E21CFAC2CB7995B002B1428 /* Frameworks */ = {
			isa = PBXFrameworksBuildPhase;
			buildActionMask = 2147483647;
			files = (
			);
			runOnlyForDeploymentPostprocessing = 0;
		};
/* End PBXFrameworksBuildPhase section */

/* Begin PBXGroup section */
		9E21CF8C2CB79958002B1428 = {
			isa = PBXGroup;
			children = (
				9E21CF972CB79958002B1428 /* Travel Planner 2 */,
				9E21CFA82CB7995B002B1428 /* Travel Planner 2Tests */,
				9E21CFB22CB7995B002B1428 /* Travel Planner 2UITests */,
				9E21CF962CB79958002B1428 /* Products */,
			);
			sourceTree = "<group>";
		};
		9E21CF962CB79958002B1428 /* Products */ = {
			isa = PBXGroup;
			children = (
				9E21CF952CB79958002B1428 /* Travel Planner 2.app */,
				9E21CFA52CB7995B002B1428 /* Travel Planner 2Tests.xctest */,
				9E21CFAF2CB7995B002B1428 /* Travel Planner 2UITests.xctest */,
			);
			name = Products;
			sourceTree = "<group>";
		};
/* End PBXGroup section */

/* Begin PBXNativeTarget section */
		9E21CF942CB79958002B1428 /* Travel Planner 2 */ = {
			isa = PBXNativeTarget;
			buildConfigurationList = 9E21CFB92CB7995B002B1428 /* Build configuration list for PBXNativeTarget "Travel Planner 2" */;
			buildPhases = (
				9E21CF912CB79958002B1428 /* Sources */,
				9E21CF922CB79958002B1428 /* Frameworks */,
				9E21CF932CB79958002B1428 /* Resources */,
			);
			buildRules = (
			);
			dependencies = (
			);
			fileSystemSynchronizedGroups = (
				9E21CF972CB79958002B1428 /* Travel Planner 2 */,
			);
			name = "Travel Planner 2";
			packageProductDependencies = (
			);
			productName = "Travel Planner 2";
			productReference = 9E21CF952CB79958002B1428 /* Travel Planner 2.app */;
			productType = "com.apple.product-type.application";
		};
		9E21CFA42CB7995B002B1428 /* Travel Planner 2Tests */ = {
			isa = PBXNativeTarget;
			buildConfigurationList = 9E21CFBC2CB7995B002B1428 /* Build configuration list for PBXNativeTarget "Travel Planner 2Tests" */;
			buildPhases = (
				9E21CFA12CB7995B002B1428 /* Sources */,
				9E21CFA22CB7995B002B1428 /* Frameworks */,
				9E21CFA32CB7995B002B1428 /* Resources */,
			);
			buildRules = (
			);
			dependencies = (
				9E21CFA72CB7995B002B1428 /* PBXTargetDependency */,
			);
			fileSystemSynchronizedGroups = (
				9E21CFA82CB7995B002B1428 /* Travel Planner 2Tests */,
			);
			name = "Travel Planner 2Tests";
			packageProductDependencies = (
			);
			productName = "Travel Planner 2Tests";
			productReference = 9E21CFA52CB7995B002B1428 /* Travel Planner 2Tests.xctest */;
			productType = "com.apple.product-type.bundle.unit-test";
		};
		9E21CFAE2CB7995B002B1428 /* Travel Planner 2UITests */ = {
			isa = PBXNativeTarget;
			buildConfigurationList = 9E21CFBF2CB7995B002B1428 /* Build configuration list for PBXNativeTarget "Travel Planner 2UITests" */;
			buildPhases = (
				9E21CFAB2CB7995B002B1428 /* Sources */,
				9E21CFAC2CB7995B002B1428 /* Frameworks */,
				9E21CFAD2CB7995B002B1428 /* Resources */,
			);
			buildRules = (
			);
			dependencies = (
				9E21CFB12CB7995B002B1428 /* PBXTargetDependency */,
			);
			fileSystemSynchronizedGroups = (
				9E21CFB22CB7995B002B1428 /* Travel Planner 2UITests */,
			);
			name = "Travel Planner 2UITests";
			packageProductDependencies = (
			);
			productName = "Travel Planner 2UITests";
			productReference = 9E21CFAF2CB7995B002B1428 /* Travel Planner 2UITests.xctest */;
			productType = "com.apple.product-type.bundle.ui-testing";
		};
/* End PBXNativeTarget section */

/* Begin PBXProject section */
		9E21CF8D2CB79958002B1428 /* Project object */ = {
			isa = PBXProject;
			attributes = {
				BuildIndependentTargetsInParallel = 1;
				LastSwiftUpdateCheck = 1600;
				LastUpgradeCheck = 1600;
				TargetAttributes = {
					9E21CF942CB79958002B1428 = {
						CreatedOnToolsVersion = 16.0;
					};
					9E21CFA42CB7995B002B1428 = {
						CreatedOnToolsVersion = 16.0;
						TestTargetID = 9E21CF942CB79958002B1428;
					};
					9E21CFAE2CB7995B002B1428 = {
						CreatedOnToolsVersion = 16.0;
						TestTargetID = 9E21CF942CB79958002B1428;
					};
				};
			};
			buildConfigurationList = 9E21CF902CB79958002B1428 /* Build configuration list for PBXProject "Travel Planner 2" */;
			developmentRegion = en;
			hasScannedForEncodings = 0;
			knownRegions = (
				en,
				Base,
			);
			mainGroup = 9E21CF8C2CB79958002B1428;
			minimizedProjectReferenceProxies = 1;
			preferredProjectObjectVersion = 77;
			productRefGroup = 9E21CF962CB79958002B1428 /* Products */;
			projectDirPath = "";
			projectRoot = "";
			targets = (
				9E21CF942CB79958002B1428 /* Travel Planner 2 */,
				9E21CFA42CB7995B002B1428 /* Travel Planner 2Tests */,
				9E21CFAE2CB7995B002B1428 /* Travel Planner 2UITests */,
			);
		};
/* End PBXProject section */

/* Begin PBXResourcesBuildPhase section */
		9E21CF932CB79958002B1428 /* Resources */ = {
			isa = PBXResourcesBuildPhase;
			buildActionMask = 2147483647;
			files = (
			);
			runOnlyForDeploymentPostprocessing = 0;
		};
		9E21CFA32CB7995B002B1428 /* Resources */ = {
			isa = PBXResourcesBuildPhase;
			buildActionMask = 2147483647;
			files = (
			);
			runOnlyForDeploymentPostprocessing = 0;
		};
		9E21CFAD2CB7995B002B1428 /* Resources */ = {
			isa = PBXResourcesBuildPhase;
			buildActionMask = 2147483647;
			files = (
			);
			runOnlyForDeploymentPostprocessing = 0;
		};
/* End PBXResourcesBuildPhase section */

/* Begin PBXSourcesBuildPhase section */
		9E21CF912CB79958002B1428 /* Sources */ = {
			isa = PBXSourcesBuildPhase;
			buildActionMask = 2147483647;
			files = (
			);
			runOnlyForDeploymentPostprocessing = 0;
		};
		9E21CFA12CB7995B002B1428 /* Sources */ = {
			isa = PBXSourcesBuildPhase;
			buildActionMask = 2147483647;
			files = (
			);
			runOnlyForDeploymentPostprocessing = 0;
		};
		9E21CFAB2CB7995B002B1428 /* Sources */ = {
			isa = PBXSourcesBuildPhase;
			buildActionMask = 2147483647;
			files = (
			);
			runOnlyForDeploymentPostprocessing = 0;
		};
/* End PBXSourcesBuildPhase section */

/* Begin PBXTargetDependency section */
		9E21CFA72CB7995B002B1428 /* PBXTargetDependency */ = {
			isa = PBXTargetDependency;
			target = 9E21CF942CB79958002B1428 /* Travel Planner 2 */;
			targetProxy = 9E21CFA62CB7995B002B1428 /* PBXContainerItemProxy */;
		};
		9E21CFB12CB7995B002B1428 /* PBXTargetDependency */ = {
			isa = PBXTargetDependency;
			target = 9E21CF942CB79958002B1428 /* Travel Planner 2 */;
			targetProxy = 9E21CFB02CB7995B002B1428 /* PBXContainerItemProxy */;
		};
/* End PBXTargetDependency section */

/* Begin XCBuildConfiguration section */
		9E21CFB72CB7995B002B1428 /* Debug */ = {
			isa = XCBuildConfiguration;
			buildSettings = {
				ALWAYS_SEARCH_USER_PATHS = NO;
				ASSETCATALOG_COMPILER_GENERATE_SWIFT_ASSET_SYMBOL_EXTENSIONS = YES;
				CLANG_ANALYZER_NONNULL = YES;
				CLANG_ANALYZER_NUMBER_OBJECT_CONVERSION = YES_AGGRESSIVE;
				CLANG_CXX_LANGUAGE_STANDARD = "gnu++20";
				CLANG_ENABLE_MODULES = YES;
				CLANG_ENABLE_OBJC_ARC = YES;
				CLANG_ENABLE_OBJC_WEAK = YES;
				CLANG_WARN_BLOCK_CAPTURE_AUTORELEASING = YES;
				CLANG_WARN_BOOL_CONVERSION = YES;
				CLANG_WARN_COMMA = YES;
				CLANG_WARN_CONSTANT_CONVERSION = YES;
				CLANG_WARN_DEPRECATED_OBJC_IMPLEMENTATIONS = YES;
				CLANG_WARN_DIRECT_OBJC_ISA_USAGE = YES_ERROR;
				CLANG_WARN_DOCUMENTATION_COMMENTS = YES;
				CLANG_WARN_EMPTY_BODY = YES;
				CLANG_WARN_ENUM_CONVERSION = YES;
				CLANG_WARN_INFINITE_RECURSION = YES;
				CLANG_WARN_INT_CONVERSION = YES;
				CLANG_WARN_NON_LITERAL_NULL_CONVERSION = YES;
				CLANG_WARN_OBJC_IMPLICIT_RETAIN_SELF = YES;
				CLANG_WARN_OBJC_LITERAL_CONVERSION = YES;
				CLANG_WARN_OBJC_ROOT_CLASS = YES_ERROR;
				CLANG_WARN_QUOTED_INCLUDE_IN_FRAMEWORK_HEADER = YES;
				CLANG_WARN_RANGE_LOOP_ANALYSIS = YES;
				CLANG_WARN_STRICT_PROTOTYPES = YES;
				CLANG_WARN_SUSPICIOUS_MOVE = YES;
				CLANG_WARN_UNGUARDED_AVAILABILITY = YES_AGGRESSIVE;
				CLANG_WARN_UNREACHABLE_CODE = YES;
				CLANG_WARN__DUPLICATE_METHOD_MATCH = YES;
				COPY_PHASE_STRIP = NO;
				DEBUG_INFORMATION_FORMAT = dwarf;
				ENABLE_STRICT_OBJC_MSGSEND = YES;
				ENABLE_TESTABILITY = YES;
				ENABLE_USER_SCRIPT_SANDBOXING = YES;
				GCC_C_LANGUAGE_STANDARD = gnu17;
				GCC_DYNAMIC_NO_PIC = NO;
				GCC_NO_COMMON_BLOCKS = YES;
				GCC_OPTIMIZATION_LEVEL = 0;
				GCC_PREPROCESSOR_DEFINITIONS = (
					"DEBUG=1",
					"$(inherited)",
				);
				GCC_WARN_64_TO_32_BIT_CONVERSION = YES;
				GCC_WARN_ABOUT_RETURN_TYPE = YES_ERROR;
				GCC_WARN_UNDECLARED_SELECTOR = YES;
				GCC_WARN_UNINITIALIZED_AUTOS = YES_AGGRESSIVE;
				GCC_WARN_UNUSED_FUNCTION = YES;
				GCC_WARN_UNUSED_VARIABLE = YES;
				IPHONEOS_DEPLOYMENT_TARGET = 18.0;
				LOCALIZATION_PREFERS_STRING_CATALOGS = YES;
				MTL_ENABLE_DEBUG_INFO = INCLUDE_SOURCE;
				MTL_FAST_MATH = YES;
				ONLY_ACTIVE_ARCH = YES;
				SDKROOT = iphoneos;
				SWIFT_ACTIVE_COMPILATION_CONDITIONS = "DEBUG $(inherited)";
				SWIFT_OPTIMIZATION_LEVEL = "-Onone";
			};
			name = Debug;
		};
		9E21CFB82CB7995B002B1428 /* Release */ = {
			isa = XCBuildConfiguration;
			buildSettings = {
				ALWAYS_SEARCH_USER_PATHS = NO;
				ASSETCATALOG_COMPILER_GENERATE_SWIFT_ASSET_SYMBOL_EXTENSIONS = YES;
				CLANG_ANALYZER_NONNULL = YES;
				CLANG_ANALYZER_NUMBER_OBJECT_CONVERSION = YES_AGGRESSIVE;
				CLANG_CXX_LANGUAGE_STANDARD = "gnu++20";
				CLANG_ENABLE_MODULES = YES;
				CLANG_ENABLE_OBJC_ARC = YES;
				CLANG_ENABLE_OBJC_WEAK = YES;
				CLANG_WARN_BLOCK_CAPTURE_AUTORELEASING = YES;
				CLANG_WARN_BOOL_CONVERSION = YES;
				CLANG_WARN_COMMA = YES;
				CLANG_WARN_CONSTANT_CONVERSION = YES;
				CLANG_WARN_DEPRECATED_OBJC_IMPLEMENTATIONS = YES;
				CLANG_WARN_DIRECT_OBJC_ISA_USAGE = YES_ERROR;
				CLANG_WARN_DOCUMENTATION_COMMENTS = YES;
				CLANG_WARN_EMPTY_BODY = YES;
				CLANG_WARN_ENUM_CONVERSION = YES;
				CLANG_WARN_INFINITE_RECURSION = YES;
				CLANG_WARN_INT_CONVERSION = YES;
				CLANG_WARN_NON_LITERAL_NULL_CONVERSION = YES;
				CLANG_WARN_OBJC_IMPLICIT_RETAIN_SELF = YES;
				CLANG_WARN_OBJC_LITERAL_CONVERSION = YES;
				CLANG_WARN_OBJC_ROOT_CLASS = YES_ERROR;
				CLANG_WARN_QUOTED_INCLUDE_IN_FRAMEWORK_HEADER = YES;
				CLANG_WARN_RANGE_LOOP_ANALYSIS = YES;
				CLANG_WARN_STRICT_PROTOTYPES = YES;
				CLANG_WARN_SUSPICIOUS_MOVE = YES;
				CLANG_WARN_UNGUARDED_AVAILABILITY = YES_AGGRESSIVE;
				CLANG_WARN_UNREACHABLE_CODE = YES;
				CLANG_WARN__DUPLICATE_METHOD_MATCH = YES;
				COPY_PHASE_STRIP = NO;
				DEBUG_INFORMATION_FORMAT = "dwarf-with-dsym";
				ENABLE_NS_ASSERTIONS = NO;
				ENABLE_STRICT_OBJC_MSGSEND = YES;
				ENABLE_USER_SCRIPT_SANDBOXING = YES;
				GCC_C_LANGUAGE_STANDARD = gnu17;
				GCC_NO_COMMON_BLOCKS = YES;
				GCC_WARN_64_TO_32_BIT_CONVERSION = YES;
				GCC_WARN_ABOUT_RETURN_TYPE = YES_ERROR;
				GCC_WARN_UNDECLARED_SELECTOR = YES;
				GCC_WARN_UNINITIALIZED_AUTOS = YES_AGGRESSIVE;
				GCC_WARN_UNUSED_FUNCTION = YES;
				GCC_WARN_UNUSED_VARIABLE = YES;
				IPHONEOS_DEPLOYMENT_TARGET = 18.0;
				LOCALIZATION_PREFERS_STRING_CATALOGS = YES;
				MTL_ENABLE_DEBUG_INFO = NO;
				MTL_FAST_MATH = YES;
				SDKROOT = iphoneos;
				SWIFT_COMPILATION_MODE = wholemodule;
				VALIDATE_PRODUCT = YES;
			};
			name = Release;
		};
		9E21CFBA2CB7995B002B1428 /* Debug */ = {
			isa = XCBuildConfiguration;
			buildSettings = {
				ASSETCATALOG_COMPILER_APPICON_NAME = AppIcon;
				ASSETCATALOG_COMPILER_GLOBAL_ACCENT_COLOR_NAME = AccentColor;
				CODE_SIGN_STYLE = Automatic;
				CURRENT_PROJECT_VERSION = 1;
				DEVELOPMENT_ASSET_PATHS = "\"Travel Planner 2/Preview Content\"";
				DEVELOPMENT_TEAM = Y88FN7D36Y;
				ENABLE_PREVIEWS = YES;
				GENERATE_INFOPLIST_FILE = YES;
				INFOPLIST_KEY_LSApplicationCategoryType = "public.app-category.travel";
				INFOPLIST_KEY_UIApplicationSceneManifest_Generation = YES;
				INFOPLIST_KEY_UIApplicationSupportsIndirectInputEvents = YES;
				INFOPLIST_KEY_UILaunchScreen_Generation = YES;
				INFOPLIST_KEY_UISupportedInterfaceOrientations_iPad = "UIInterfaceOrientationPortrait UIInterfaceOrientationPortraitUpsideDown UIInterfaceOrientationLandscapeLeft UIInterfaceOrientationLandscapeRight";
				INFOPLIST_KEY_UISupportedInterfaceOrientations_iPhone = "UIInterfaceOrientationPortrait UIInterfaceOrientationLandscapeLeft UIInterfaceOrientationLandscapeRight";
				IPHONEOS_DEPLOYMENT_TARGET = 17.0;
				LD_RUNPATH_SEARCH_PATHS = (
					"$(inherited)",
					"@executable_path/Frameworks",
				);
				MARKETING_VERSION = Planner;
				PRODUCT_BUNDLE_IDENTIFIER = "com.sebastianibarra.Travel-Planner-2";
				PRODUCT_NAME = "$(TARGET_NAME)";
				SWIFT_EMIT_LOC_STRINGS = YES;
				SWIFT_VERSION = 5.0;
				TARGETED_DEVICE_FAMILY = "1,2";
			};
			name = Debug;
		};
		9E21CFBB2CB7995B002B1428 /* Release */ = {
			isa = XCBuildConfiguration;
			buildSettings = {
				ASSETCATALOG_COMPILER_APPICON_NAME = AppIcon;
				ASSETCATALOG_COMPILER_GLOBAL_ACCENT_COLOR_NAME = AccentColor;
				CODE_SIGN_STYLE = Automatic;
				CURRENT_PROJECT_VERSION = 1;
				DEVELOPMENT_ASSET_PATHS = "\"Travel Planner 2/Preview Content\"";
				DEVELOPMENT_TEAM = Y88FN7D36Y;
				ENABLE_PREVIEWS = YES;
				GENERATE_INFOPLIST_FILE = YES;
				INFOPLIST_KEY_LSApplicationCategoryType = "public.app-category.travel";
				INFOPLIST_KEY_UIApplicationSceneManifest_Generation = YES;
				INFOPLIST_KEY_UIApplicationSupportsIndirectInputEvents = YES;
				INFOPLIST_KEY_UILaunchScreen_Generation = YES;
				INFOPLIST_KEY_UISupportedInterfaceOrientations_iPad = "UIInterfaceOrientationPortrait UIInterfaceOrientationPortraitUpsideDown UIInterfaceOrientationLandscapeLeft UIInterfaceOrientationLandscapeRight";
				INFOPLIST_KEY_UISupportedInterfaceOrientations_iPhone = "UIInterfaceOrientationPortrait UIInterfaceOrientationLandscapeLeft UIInterfaceOrientationLandscapeRight";
				IPHONEOS_DEPLOYMENT_TARGET = 17.0;
				LD_RUNPATH_SEARCH_PATHS = (
					"$(inherited)",
					"@executable_path/Frameworks",
				);
				MARKETING_VERSION = Planner;
				PRODUCT_BUNDLE_IDENTIFIER = "com.sebastianibarra.Travel-Planner-2";
				PRODUCT_NAME = "$(TARGET_NAME)";
				SWIFT_EMIT_LOC_STRINGS = YES;
				SWIFT_VERSION = 5.0;
				TARGETED_DEVICE_FAMILY = "1,2";
			};
			name = Release;
		};
		9E21CFBD2CB7995B002B1428 /* Debug */ = {
			isa = XCBuildConfiguration;
			buildSettings = {
				BUNDLE_LOADER = "$(TEST_HOST)";
				CODE_SIGN_STYLE = Automatic;
				CURRENT_PROJECT_VERSION = 1;
				DEVELOPMENT_TEAM = Y88FN7D36Y;
				GENERATE_INFOPLIST_FILE = YES;
				IPHONEOS_DEPLOYMENT_TARGET = 18.0;
				MARKETING_VERSION = 1.0;
				PRODUCT_BUNDLE_IDENTIFIER = "com.sebastianibarra.Travel-Planner-2Tests";
				PRODUCT_NAME = "$(TARGET_NAME)";
				SWIFT_EMIT_LOC_STRINGS = NO;
				SWIFT_VERSION = 5.0;
				TARGETED_DEVICE_FAMILY = "1,2";
				TEST_HOST = "$(BUILT_PRODUCTS_DIR)/Travel Planner 2.app/$(BUNDLE_EXECUTABLE_FOLDER_PATH)/Travel Planner 2";
			};
			name = Debug;
		};
		9E21CFBE2CB7995B002B1428 /* Release */ = {
			isa = XCBuildConfiguration;
			buildSettings = {
				BUNDLE_LOADER = "$(TEST_HOST)";
				CODE_SIGN_STYLE = Automatic;
				CURRENT_PROJECT_VERSION = 1;
				DEVELOPMENT_TEAM = Y88FN7D36Y;
				GENERATE_INFOPLIST_FILE = YES;
				IPHONEOS_DEPLOYMENT_TARGET = 18.0;
				MARKETING_VERSION = 1.0;
				PRODUCT_BUNDLE_IDENTIFIER = "com.sebastianibarra.Travel-Planner-2Tests";
				PRODUCT_NAME = "$(TARGET_NAME)";
				SWIFT_EMIT_LOC_STRINGS = NO;
				SWIFT_VERSION = 5.0;
				TARGETED_DEVICE_FAMILY = "1,2";
				TEST_HOST = "$(BUILT_PRODUCTS_DIR)/Travel Planner 2.app/$(BUNDLE_EXECUTABLE_FOLDER_PATH)/Travel Planner 2";
			};
			name = Release;
		};
		9E21CFC02CB7995B002B1428 /* Debug */ = {
			isa = XCBuildConfiguration;
			buildSettings = {
				CODE_SIGN_STYLE = Automatic;
				CURRENT_PROJECT_VERSION = 1;
				DEVELOPMENT_TEAM = Y88FN7D36Y;
				GENERATE_INFOPLIST_FILE = YES;
				MARKETING_VERSION = 1.0;
				PRODUCT_BUNDLE_IDENTIFIER = "com.sebastianibarra.Travel-Planner-2UITests";
				PRODUCT_NAME = "$(TARGET_NAME)";
				SWIFT_EMIT_LOC_STRINGS = NO;
				SWIFT_VERSION = 5.0;
				TARGETED_DEVICE_FAMILY = "1,2";
				TEST_TARGET_NAME = "Travel Planner 2";
			};
			name = Debug;
		};
		9E21CFC12CB7995B002B1428 /* Release */ = {
			isa = XCBuildConfiguration;
			buildSettings = {
				CODE_SIGN_STYLE = Automatic;
				CURRENT_PROJECT_VERSION = 1;
				DEVELOPMENT_TEAM = Y88FN7D36Y;
				GENERATE_INFOPLIST_FILE = YES;
				MARKETING_VERSION = 1.0;
				PRODUCT_BUNDLE_IDENTIFIER = "com.sebastianibarra.Travel-Planner-2UITests";
				PRODUCT_NAME = "$(TARGET_NAME)";
				SWIFT_EMIT_LOC_STRINGS = NO;
				SWIFT_VERSION = 5.0;
				TARGETED_DEVICE_FAMILY = "1,2";
				TEST_TARGET_NAME = "Travel Planner 2";
			};
			name = Release;
		};
/* End XCBuildConfiguration section */

/* Begin XCConfigurationList section */
		9E21CF902CB79958002B1428 /* Build configuration list for PBXProject "Travel Planner 2" */ = {
			isa = XCConfigurationList;
			buildConfigurations = (
				9E21CFB72CB7995B002B1428 /* Debug */,
				9E21CFB82CB7995B002B1428 /* Release */,
			);
			defaultConfigurationIsVisible = 0;
			defaultConfigurationName = Release;
		};
		9E21CFB92CB7995B002B1428 /* Build configuration list for PBXNativeTarget "Travel Planner 2" */ = {
			isa = XCConfigurationList;
			buildConfigurations = (
				9E21CFBA2CB7995B002B1428 /* Debug */,
				9E21CFBB2CB7995B002B1428 /* Release */,
			);
			defaultConfigurationIsVisible = 0;
			defaultConfigurationName = Release;
		};
		9E21CFBC2CB7995B002B1428 /* Build configuration list for PBXNativeTarget "Travel Planner 2Tests" */ = {
			isa = XCConfigurationList;
			buildConfigurations = (
				9E21CFBD2CB7995B002B1428 /* Debug */,
				9E21CFBE2CB7995B002B1428 /* Release */,
			);
			defaultConfigurationIsVisible = 0;
			defaultConfigurationName = Release;
		};
		9E21CFBF2CB7995B002B1428 /* Build configuration list for PBXNativeTarget "Travel Planner 2UITests" */ = {
			isa = XCConfigurationList;
			buildConfigurations = (
				9E21CFC02CB7995B002B1428 /* Debug */,
				9E21CFC12CB7995B002B1428 /* Release */,
			);
			defaultConfigurationIsVisible = 0;
			defaultConfigurationName = Release;
		};
/* End XCConfigurationList section */
	};
	rootObject = 9E21CF8D2CB79958002B1428 /* Project object */;
}
